// !$*UTF8*$!
{
	archiveVersion = 1;
	classes = {
	};
	objectVersion = 50;
	objects = {

/* Begin PBXBuildFile section */
		AA3F2D3521FEC5750027AF62 /* net.sf.jumpcut.preferences.appearance.tiff in Resources */ = {isa = PBXBuildFile; fileRef = AA3F2D3221FEC5740027AF62 /* net.sf.jumpcut.preferences.appearance.tiff */; };
		AA3F2D3621FEC5750027AF62 /* net.sf.jumpcut.preferences.hotkey.tiff in Resources */ = {isa = PBXBuildFile; fileRef = AA3F2D3321FEC5740027AF62 /* net.sf.jumpcut.preferences.hotkey.tiff */; };
		AA3F2D3D21FEC69F0027AF62 /* net.sf.jumpcut.preferences.general.tiff in Resources */ = {isa = PBXBuildFile; fileRef = AA3F2D3921FEC69F0027AF62 /* net.sf.jumpcut.preferences.general.tiff */; };
		AA92927C21685207009A2BE4 /* Credits.html in Resources */ = {isa = PBXBuildFile; fileRef = AA92927B21685206009A2BE4 /* Credits.html */; };
		AA9D0F8222ED073E006D0C3A /* JumpcutHelper.app in CopyFiles */ = {isa = PBXBuildFile; fileRef = AAE89F0621FD036A00091FA5 /* JumpcutHelper.app */; settings = {ATTRIBUTES = (RemoveHeadersOnCopy, ); }; };
		AAB4CC36214B28F20015C072 /* PTHotKey.framework in Frameworks */ = {isa = PBXBuildFile; fileRef = AAB4CC33214B28E60015C072 /* PTHotKey.framework */; settings = {ATTRIBUTES = (Required, ); }; };
		AAB4CC37214B28F20015C072 /* ShortcutRecorder.framework in Frameworks */ = {isa = PBXBuildFile; fileRef = AAB4CC31214B28E60015C072 /* ShortcutRecorder.framework */; settings = {ATTRIBUTES = (Required, ); }; };
		AAB4CC39214B29220015C072 /* ShortcutRecorder.framework in CopyFiles */ = {isa = PBXBuildFile; fileRef = AAB4CC31214B28E60015C072 /* ShortcutRecorder.framework */; settings = {ATTRIBUTES = (CodeSignOnCopy, RemoveHeadersOnCopy, ); }; };
		AAB4CC3A214B29220015C072 /* PTHotKey.framework in CopyFiles */ = {isa = PBXBuildFile; fileRef = AAB4CC33214B28E60015C072 /* PTHotKey.framework */; settings = {ATTRIBUTES = (CodeSignOnCopy, RemoveHeadersOnCopy, ); }; };
		AAB4CC44214D4E4E0015C072 /* RoundRecTextField.m in Sources */ = {isa = PBXBuildFile; fileRef = AAB4CC3C214D4E4D0015C072 /* RoundRecTextField.m */; };
		AAB4CC45214D4E4E0015C072 /* BezelWindow.m in Sources */ = {isa = PBXBuildFile; fileRef = AAB4CC3D214D4E4D0015C072 /* BezelWindow.m */; };
		AAB4CC46214D4E4E0015C072 /* RoundRecBezierPath.m in Sources */ = {isa = PBXBuildFile; fileRef = AAB4CC40214D4E4D0015C072 /* RoundRecBezierPath.m */; };
		AAB4CC47214D4E4E0015C072 /* NSBezierPathAdditions.m in Sources */ = {isa = PBXBuildFile; fileRef = AAB4CC43214D4E4D0015C072 /* NSBezierPathAdditions.m */; };
		AAB4CC4D214D62230015C072 /* JumpcutClipping.m in Sources */ = {isa = PBXBuildFile; fileRef = AAB4CC49214D62220015C072 /* JumpcutClipping.m */; };
		AAB4CC4E214D62230015C072 /* JumpcutStore.m in Sources */ = {isa = PBXBuildFile; fileRef = AAB4CC4C214D62230015C072 /* JumpcutStore.m */; };
		AAE89F0A21FD036A00091FA5 /* AppDelegate.m in Sources */ = {isa = PBXBuildFile; fileRef = AAE89F0921FD036A00091FA5 /* AppDelegate.m */; };
		AAE89F0C21FD036D00091FA5 /* Assets.xcassets in Resources */ = {isa = PBXBuildFile; fileRef = AAE89F0B21FD036D00091FA5 /* Assets.xcassets */; };
		AAE89F0F21FD036D00091FA5 /* MainMenu.xib in Resources */ = {isa = PBXBuildFile; fileRef = AAE89F0D21FD036D00091FA5 /* MainMenu.xib */; };
		AAE89F1221FD036D00091FA5 /* main.m in Sources */ = {isa = PBXBuildFile; fileRef = AAE89F1121FD036D00091FA5 /* main.m */; };
		AAE89F1821FD03CC00091FA5 /* ServiceManagement.framework in Frameworks */ = {isa = PBXBuildFile; fileRef = AAE89F1721FD03CC00091FA5 /* ServiceManagement.framework */; };
		AAED43852148B64C001A2FCF /* AppDelegate.m in Sources */ = {isa = PBXBuildFile; fileRef = AAED43842148B64C001A2FCF /* AppDelegate.m */; };
		AAED43872148B64D001A2FCF /* Assets.xcassets in Resources */ = {isa = PBXBuildFile; fileRef = AAED43862148B64D001A2FCF /* Assets.xcassets */; };
		AAED438A2148B64D001A2FCF /* MainMenu.xib in Resources */ = {isa = PBXBuildFile; fileRef = AAED43882148B64D001A2FCF /* MainMenu.xib */; };
		AAED438D2148B64D001A2FCF /* main.m in Sources */ = {isa = PBXBuildFile; fileRef = AAED438C2148B64D001A2FCF /* main.m */; };
		AAED439D2148C37C001A2FCF /* UKPrefsPanel.m in Sources */ = {isa = PBXBuildFile; fileRef = AAED439C2148C37C001A2FCF /* UKPrefsPanel.m */; };
		AAEEBFB82302553D00B9AF6C /* Sparkle.framework in Frameworks */ = {isa = PBXBuildFile; fileRef = AAEEBFB42302553D00B9AF6C /* Sparkle.framework */; };
		AAEEBFB92302556500B9AF6C /* Sparkle.framework in CopyFiles */ = {isa = PBXBuildFile; fileRef = AAEEBFB42302553D00B9AF6C /* Sparkle.framework */; settings = {ATTRIBUTES = (CodeSignOnCopy, RemoveHeadersOnCopy, ); }; };
/* End PBXBuildFile section */

/* Begin PBXContainerItemProxy section */
		AAB4CC30214B28E60015C072 /* PBXContainerItemProxy */ = {
			isa = PBXContainerItemProxy;
			containerPortal = AAB4CC2A214B28E60015C072 /* ShortcutRecorder.xcodeproj */;
			proxyType = 2;
			remoteGlobalIDString = 939837800DA42965007F53F3;
			remoteInfo = ShortcutRecorder.framework;
		};
		AAB4CC32214B28E60015C072 /* PBXContainerItemProxy */ = {
			isa = PBXContainerItemProxy;
			containerPortal = AAB4CC2A214B28E60015C072 /* ShortcutRecorder.xcodeproj */;
			proxyType = 2;
			remoteGlobalIDString = E273122E1349EC9000A84433;
			remoteInfo = PTHotKey.framework;
		};
		AAB4CC34214B28E60015C072 /* PBXContainerItemProxy */ = {
			isa = PBXContainerItemProxy;
			containerPortal = AAB4CC2A214B28E60015C072 /* ShortcutRecorder.xcodeproj */;
			proxyType = 2;
			remoteGlobalIDString = 0D6B2468180304DE00CE1142;
			remoteInfo = Demo;
		};
/* End PBXContainerItemProxy section */

/* Begin PBXCopyFilesBuildPhase section */
		AAB4CC38214B29150015C072 /* CopyFiles */ = {
			isa = PBXCopyFilesBuildPhase;
			buildActionMask = 2147483647;
			dstPath = "";
			dstSubfolderSpec = 11;
			files = (
				AAEEBFB92302556500B9AF6C /* Sparkle.framework in CopyFiles */,
				AAB4CC39214B29220015C072 /* ShortcutRecorder.framework in CopyFiles */,
				AAB4CC3A214B29220015C072 /* PTHotKey.framework in CopyFiles */,
			);
			runOnlyForDeploymentPostprocessing = 0;
		};
		AAE89F1A21FD2CBB00091FA5 /* CopyFiles */ = {
			isa = PBXCopyFilesBuildPhase;
			buildActionMask = 2147483647;
			dstPath = Contents/Library/LoginItems;
			dstSubfolderSpec = 1;
			files = (
				AA9D0F8222ED073E006D0C3A /* JumpcutHelper.app in CopyFiles */,
			);
			runOnlyForDeploymentPostprocessing = 0;
		};
/* End PBXCopyFilesBuildPhase section */

/* Begin PBXFileReference section */
		AA3F2D3221FEC5740027AF62 /* net.sf.jumpcut.preferences.appearance.tiff */ = {isa = PBXFileReference; lastKnownFileType = image.tiff; path = net.sf.jumpcut.preferences.appearance.tiff; sourceTree = "<group>"; };
		AA3F2D3321FEC5740027AF62 /* net.sf.jumpcut.preferences.hotkey.tiff */ = {isa = PBXFileReference; lastKnownFileType = image.tiff; path = net.sf.jumpcut.preferences.hotkey.tiff; sourceTree = "<group>"; };
		AA3F2D3921FEC69F0027AF62 /* net.sf.jumpcut.preferences.general.tiff */ = {isa = PBXFileReference; lastKnownFileType = image.tiff; name = net.sf.jumpcut.preferences.general.tiff; path = ../../../../../Desktop/net.sf.jumpcut.preferences.general.tiff; sourceTree = "<group>"; };
		AA92927A2161C4D2009A2BE4 /* Jumpcut_Prefix.pch */ = {isa = PBXFileReference; fileEncoding = 4; lastKnownFileType = sourcecode.c.h; path = Jumpcut_Prefix.pch; sourceTree = "<group>"; };
		AA92927B21685206009A2BE4 /* Credits.html */ = {isa = PBXFileReference; fileEncoding = 4; lastKnownFileType = text.html; name = Credits.html; path = Jumpcut/Credits.html; sourceTree = SOURCE_ROOT; };
		AAB4CC2A214B28E60015C072 /* ShortcutRecorder.xcodeproj */ = {isa = PBXFileReference; lastKnownFileType = "wrapper.pb-project"; name = ShortcutRecorder.xcodeproj; path = ShortcutRecorder/ShortcutRecorder.xcodeproj; sourceTree = SOURCE_ROOT; };
		AAB4CC3C214D4E4D0015C072 /* RoundRecTextField.m */ = {isa = PBXFileReference; fileEncoding = 4; lastKnownFileType = sourcecode.c.objc; path = RoundRecTextField.m; sourceTree = "<group>"; };
		AAB4CC3D214D4E4D0015C072 /* BezelWindow.m */ = {isa = PBXFileReference; fileEncoding = 4; lastKnownFileType = sourcecode.c.objc; path = BezelWindow.m; sourceTree = "<group>"; };
		AAB4CC3E214D4E4D0015C072 /* RoundRecBezierPath.h */ = {isa = PBXFileReference; fileEncoding = 4; lastKnownFileType = sourcecode.c.h; path = RoundRecBezierPath.h; sourceTree = "<group>"; };
		AAB4CC3F214D4E4D0015C072 /* NSBezierPathAdditions.h */ = {isa = PBXFileReference; fileEncoding = 4; lastKnownFileType = sourcecode.c.h; path = NSBezierPathAdditions.h; sourceTree = "<group>"; };
		AAB4CC40214D4E4D0015C072 /* RoundRecBezierPath.m */ = {isa = PBXFileReference; fileEncoding = 4; lastKnownFileType = sourcecode.c.objc; path = RoundRecBezierPath.m; sourceTree = "<group>"; };
		AAB4CC41214D4E4D0015C072 /* BezelWindow.h */ = {isa = PBXFileReference; fileEncoding = 4; lastKnownFileType = sourcecode.c.h; path = BezelWindow.h; sourceTree = "<group>"; };
		AAB4CC42214D4E4D0015C072 /* RoundRecTextField.h */ = {isa = PBXFileReference; fileEncoding = 4; lastKnownFileType = sourcecode.c.h; path = RoundRecTextField.h; sourceTree = "<group>"; };
		AAB4CC43214D4E4D0015C072 /* NSBezierPathAdditions.m */ = {isa = PBXFileReference; fileEncoding = 4; lastKnownFileType = sourcecode.c.objc; path = NSBezierPathAdditions.m; sourceTree = "<group>"; };
		AAB4CC49214D62220015C072 /* JumpcutClipping.m */ = {isa = PBXFileReference; fileEncoding = 4; lastKnownFileType = sourcecode.c.objc; path = JumpcutClipping.m; sourceTree = "<group>"; };
		AAB4CC4A214D62230015C072 /* JumpcutClipping.h */ = {isa = PBXFileReference; fileEncoding = 4; lastKnownFileType = sourcecode.c.h; path = JumpcutClipping.h; sourceTree = "<group>"; };
		AAB4CC4B214D62230015C072 /* JumpcutStore.h */ = {isa = PBXFileReference; fileEncoding = 4; lastKnownFileType = sourcecode.c.h; path = JumpcutStore.h; sourceTree = "<group>"; };
		AAB4CC4C214D62230015C072 /* JumpcutStore.m */ = {isa = PBXFileReference; fileEncoding = 4; lastKnownFileType = sourcecode.c.objc; path = JumpcutStore.m; sourceTree = "<group>"; };
		AAE89F0621FD036A00091FA5 /* JumpcutHelper.app */ = {isa = PBXFileReference; explicitFileType = wrapper.application; includeInIndex = 0; path = JumpcutHelper.app; sourceTree = BUILT_PRODUCTS_DIR; };
		AAE89F0821FD036A00091FA5 /* AppDelegate.h */ = {isa = PBXFileReference; lastKnownFileType = sourcecode.c.h; path = AppDelegate.h; sourceTree = "<group>"; };
		AAE89F0921FD036A00091FA5 /* AppDelegate.m */ = {isa = PBXFileReference; lastKnownFileType = sourcecode.c.objc; path = AppDelegate.m; sourceTree = "<group>"; };
		AAE89F0B21FD036D00091FA5 /* Assets.xcassets */ = {isa = PBXFileReference; lastKnownFileType = folder.assetcatalog; path = Assets.xcassets; sourceTree = "<group>"; };
		AAE89F0E21FD036D00091FA5 /* Base */ = {isa = PBXFileReference; lastKnownFileType = file.xib; name = Base; path = Base.lproj/MainMenu.xib; sourceTree = "<group>"; };
		AAE89F1021FD036D00091FA5 /* Info.plist */ = {isa = PBXFileReference; lastKnownFileType = text.plist.xml; path = Info.plist; sourceTree = "<group>"; };
		AAE89F1121FD036D00091FA5 /* main.m */ = {isa = PBXFileReference; lastKnownFileType = sourcecode.c.objc; path = main.m; sourceTree = "<group>"; };
		AAE89F1321FD036D00091FA5 /* JumpcutHelper.entitlements */ = {isa = PBXFileReference; lastKnownFileType = text.plist.entitlements; path = JumpcutHelper.entitlements; sourceTree = "<group>"; };
		AAE89F1721FD03CC00091FA5 /* ServiceManagement.framework */ = {isa = PBXFileReference; lastKnownFileType = wrapper.framework; name = ServiceManagement.framework; path = System/Library/Frameworks/ServiceManagement.framework; sourceTree = SDKROOT; };
		AAED43802148B64C001A2FCF /* Jumpcut.app */ = {isa = PBXFileReference; explicitFileType = wrapper.application; includeInIndex = 0; path = Jumpcut.app; sourceTree = BUILT_PRODUCTS_DIR; };
		AAED43832148B64C001A2FCF /* AppDelegate.h */ = {isa = PBXFileReference; lastKnownFileType = sourcecode.c.h; path = AppDelegate.h; sourceTree = "<group>"; };
		AAED43842148B64C001A2FCF /* AppDelegate.m */ = {isa = PBXFileReference; lastKnownFileType = sourcecode.c.objc; path = AppDelegate.m; sourceTree = "<group>"; };
		AAED43862148B64D001A2FCF /* Assets.xcassets */ = {isa = PBXFileReference; lastKnownFileType = folder.assetcatalog; path = Assets.xcassets; sourceTree = "<group>"; };
		AAED43892148B64D001A2FCF /* Base */ = {isa = PBXFileReference; lastKnownFileType = file.xib; name = Base; path = Base.lproj/MainMenu.xib; sourceTree = "<group>"; };
		AAED438B2148B64D001A2FCF /* Info.plist */ = {isa = PBXFileReference; lastKnownFileType = text.plist.xml; path = Info.plist; sourceTree = "<group>"; };
		AAED438C2148B64D001A2FCF /* main.m */ = {isa = PBXFileReference; lastKnownFileType = sourcecode.c.objc; path = main.m; sourceTree = "<group>"; };
		AAED438E2148B64D001A2FCF /* Jumpcut.entitlements */ = {isa = PBXFileReference; lastKnownFileType = text.plist.entitlements; path = Jumpcut.entitlements; sourceTree = "<group>"; };
		AAED439B2148C37C001A2FCF /* UKPrefsPanel.h */ = {isa = PBXFileReference; fileEncoding = 4; lastKnownFileType = sourcecode.c.h; path = UKPrefsPanel.h; sourceTree = "<group>"; };
		AAED439C2148C37C001A2FCF /* UKPrefsPanel.m */ = {isa = PBXFileReference; fileEncoding = 4; lastKnownFileType = sourcecode.c.objc; path = UKPrefsPanel.m; sourceTree = "<group>"; };
		AAEEBFB42302553D00B9AF6C /* Sparkle.framework */ = {isa = PBXFileReference; lastKnownFileType = wrapper.framework; path = Sparkle.framework; sourceTree = "<group>"; };
/* End PBXFileReference section */

/* Begin PBXFrameworksBuildPhase section */
		AAE89F0321FD036A00091FA5 /* Frameworks */ = {
			isa = PBXFrameworksBuildPhase;
			buildActionMask = 2147483647;
			files = (
			);
			runOnlyForDeploymentPostprocessing = 0;
		};
		AAED437D2148B64C001A2FCF /* Frameworks */ = {
			isa = PBXFrameworksBuildPhase;
			buildActionMask = 2147483647;
			files = (
				AAE89F1821FD03CC00091FA5 /* ServiceManagement.framework in Frameworks */,
				AAB4CC36214B28F20015C072 /* PTHotKey.framework in Frameworks */,
				AAB4CC37214B28F20015C072 /* ShortcutRecorder.framework in Frameworks */,
				AAEEBFB82302553D00B9AF6C /* Sparkle.framework in Frameworks */,
			);
			runOnlyForDeploymentPostprocessing = 0;
		};
/* End PBXFrameworksBuildPhase section */

/* Begin PBXGroup section */
		AAB4CC28214B28CC0015C072 /* Frameworks */ = {
			isa = PBXGroup;
			children = (
				AAEEBFB42302553D00B9AF6C /* Sparkle.framework */,
				AAE89F1721FD03CC00091FA5 /* ServiceManagement.framework */,
			);
			name = Frameworks;
			sourceTree = "<group>";
		};
		AAB4CC2B214B28E60015C072 /* Products */ = {
			isa = PBXGroup;
			children = (
				AAB4CC31214B28E60015C072 /* ShortcutRecorder.framework */,
				AAB4CC33214B28E60015C072 /* PTHotKey.framework */,
				AAB4CC35214B28E60015C072 /* Demo.app */,
			);
			name = Products;
			sourceTree = "<group>";
		};
		AAB4CC48214D4E540015C072 /* UI */ = {
			isa = PBXGroup;
			children = (
				AAB4CC41214D4E4D0015C072 /* BezelWindow.h */,
				AAB4CC3D214D4E4D0015C072 /* BezelWindow.m */,
				AAB4CC3F214D4E4D0015C072 /* NSBezierPathAdditions.h */,
				AAB4CC43214D4E4D0015C072 /* NSBezierPathAdditions.m */,
				AAB4CC3E214D4E4D0015C072 /* RoundRecBezierPath.h */,
				AAB4CC40214D4E4D0015C072 /* RoundRecBezierPath.m */,
				AAB4CC42214D4E4D0015C072 /* RoundRecTextField.h */,
				AAB4CC3C214D4E4D0015C072 /* RoundRecTextField.m */,
			);
			path = UI;
			sourceTree = "<group>";
		};
		AAB4CC51214D62720015C072 /* JumpcutEngine */ = {
			isa = PBXGroup;
			children = (
				AAB4CC4A214D62230015C072 /* JumpcutClipping.h */,
				AAB4CC49214D62220015C072 /* JumpcutClipping.m */,
				AAB4CC4B214D62230015C072 /* JumpcutStore.h */,
				AAB4CC4C214D62230015C072 /* JumpcutStore.m */,
			);
			path = JumpcutEngine;
			sourceTree = "<group>";
		};
		AAE89F0721FD036A00091FA5 /* JumpcutHelper */ = {
			isa = PBXGroup;
			children = (
				AAE89F0821FD036A00091FA5 /* AppDelegate.h */,
				AAE89F0921FD036A00091FA5 /* AppDelegate.m */,
				AAE89F0B21FD036D00091FA5 /* Assets.xcassets */,
				AAE89F0D21FD036D00091FA5 /* MainMenu.xib */,
				AAE89F1021FD036D00091FA5 /* Info.plist */,
				AAE89F1121FD036D00091FA5 /* main.m */,
				AAE89F1321FD036D00091FA5 /* JumpcutHelper.entitlements */,
			);
			path = JumpcutHelper;
			sourceTree = "<group>";
		};
		AAED43772148B64C001A2FCF = {
			isa = PBXGroup;
			children = (
				AAED43822148B64C001A2FCF /* Jumpcut */,
				AAE89F0721FD036A00091FA5 /* JumpcutHelper */,
				AAED43812148B64C001A2FCF /* Products */,
				AAB4CC28214B28CC0015C072 /* Frameworks */,
			);
			sourceTree = "<group>";
		};
		AAED43812148B64C001A2FCF /* Products */ = {
			isa = PBXGroup;
			children = (
				AAED43802148B64C001A2FCF /* Jumpcut.app */,
				AAE89F0621FD036A00091FA5 /* JumpcutHelper.app */,
			);
			name = Products;
			sourceTree = "<group>";
		};
		AAED43822148B64C001A2FCF /* Jumpcut */ = {
			isa = PBXGroup;
			children = (
				AAED43832148B64C001A2FCF /* AppDelegate.h */,
				AAED43842148B64C001A2FCF /* AppDelegate.m */,
				AAB4CC51214D62720015C072 /* JumpcutEngine */,
				AAB4CC2A214B28E60015C072 /* ShortcutRecorder.xcodeproj */,
				AAB4CC48214D4E540015C072 /* UI */,
				AAED439B2148C37C001A2FCF /* UKPrefsPanel.h */,
				AAED439C2148C37C001A2FCF /* UKPrefsPanel.m */,
				AAED43862148B64D001A2FCF /* Assets.xcassets */,
				AA3F2D3221FEC5740027AF62 /* net.sf.jumpcut.preferences.appearance.tiff */,
				AA3F2D3921FEC69F0027AF62 /* net.sf.jumpcut.preferences.general.tiff */,
				AA3F2D3321FEC5740027AF62 /* net.sf.jumpcut.preferences.hotkey.tiff */,
				AA92927B21685206009A2BE4 /* Credits.html */,
				AAED43882148B64D001A2FCF /* MainMenu.xib */,
				AAED438B2148B64D001A2FCF /* Info.plist */,
				AAED438C2148B64D001A2FCF /* main.m */,
				AA92927A2161C4D2009A2BE4 /* Jumpcut_Prefix.pch */,
				AAED438E2148B64D001A2FCF /* Jumpcut.entitlements */,
			);
			path = Jumpcut;
			sourceTree = "<group>";
		};
/* End PBXGroup section */

/* Begin PBXNativeTarget section */
		AAE89F0521FD036A00091FA5 /* JumpcutHelper */ = {
			isa = PBXNativeTarget;
			buildConfigurationList = AAE89F1421FD036D00091FA5 /* Build configuration list for PBXNativeTarget "JumpcutHelper" */;
			buildPhases = (
				AAE89F0221FD036A00091FA5 /* Sources */,
				AAE89F0321FD036A00091FA5 /* Frameworks */,
				AAE89F0421FD036A00091FA5 /* Resources */,
			);
			buildRules = (
			);
			dependencies = (
			);
			name = JumpcutHelper;
			productName = JumpcutHelper;
			productReference = AAE89F0621FD036A00091FA5 /* JumpcutHelper.app */;
			productType = "com.apple.product-type.application";
		};
		AAED437F2148B64C001A2FCF /* Jumpcut */ = {
			isa = PBXNativeTarget;
			buildConfigurationList = AAED43912148B64D001A2FCF /* Build configuration list for PBXNativeTarget "Jumpcut" */;
			buildPhases = (
				AAED437C2148B64C001A2FCF /* Sources */,
				AAED437D2148B64C001A2FCF /* Frameworks */,
				AAED437E2148B64C001A2FCF /* Resources */,
				AAB4CC38214B29150015C072 /* CopyFiles */,
				AAE89F1A21FD2CBB00091FA5 /* CopyFiles */,
			);
			buildRules = (
			);
			dependencies = (
			);
			name = Jumpcut;
			productName = Jumpcut;
			productReference = AAED43802148B64C001A2FCF /* Jumpcut.app */;
			productType = "com.apple.product-type.application";
		};
/* End PBXNativeTarget section */

/* Begin PBXProject section */
		AAED43782148B64C001A2FCF /* Project object */ = {
			isa = PBXProject;
			attributes = {
				LastUpgradeCheck = 0940;
				ORGANIZATIONNAME = "Steve Cook";
				TargetAttributes = {
					AAE89F0521FD036A00091FA5 = {
						CreatedOnToolsVersion = 10.1;
						SystemCapabilities = {
							com.apple.HardenedRuntime = {
								enabled = 1;
							};
						};
					};
					AAED437F2148B64C001A2FCF = {
						CreatedOnToolsVersion = 9.4.1;
						SystemCapabilities = {
							com.apple.HardenedRuntime = {
								enabled = 1;
							};
						};
					};
				};
			};
			buildConfigurationList = AAED437B2148B64C001A2FCF /* Build configuration list for PBXProject "Jumpcut" */;
			compatibilityVersion = "Xcode 9.3";
			developmentRegion = en;
			hasScannedForEncodings = 0;
			knownRegions = (
				en,
				Base,
			);
			mainGroup = AAED43772148B64C001A2FCF;
			productRefGroup = AAED43812148B64C001A2FCF /* Products */;
			projectDirPath = "";
			projectReferences = (
				{
					ProductGroup = AAB4CC2B214B28E60015C072 /* Products */;
					ProjectRef = AAB4CC2A214B28E60015C072 /* ShortcutRecorder.xcodeproj */;
				},
			);
			projectRoot = "";
			targets = (
				AAED437F2148B64C001A2FCF /* Jumpcut */,
				AAE89F0521FD036A00091FA5 /* JumpcutHelper */,
			);
		};
/* End PBXProject section */

/* Begin PBXReferenceProxy section */
		AAB4CC31214B28E60015C072 /* ShortcutRecorder.framework */ = {
			isa = PBXReferenceProxy;
			fileType = wrapper.framework;
			path = ShortcutRecorder.framework;
			remoteRef = AAB4CC30214B28E60015C072 /* PBXContainerItemProxy */;
			sourceTree = BUILT_PRODUCTS_DIR;
		};
		AAB4CC33214B28E60015C072 /* PTHotKey.framework */ = {
			isa = PBXReferenceProxy;
			fileType = wrapper.framework;
			path = PTHotKey.framework;
			remoteRef = AAB4CC32214B28E60015C072 /* PBXContainerItemProxy */;
			sourceTree = BUILT_PRODUCTS_DIR;
		};
		AAB4CC35214B28E60015C072 /* Demo.app */ = {
			isa = PBXReferenceProxy;
			fileType = wrapper.application;
			path = Demo.app;
			remoteRef = AAB4CC34214B28E60015C072 /* PBXContainerItemProxy */;
			sourceTree = BUILT_PRODUCTS_DIR;
		};
/* End PBXReferenceProxy section */

/* Begin PBXResourcesBuildPhase section */
		AAE89F0421FD036A00091FA5 /* Resources */ = {
			isa = PBXResourcesBuildPhase;
			buildActionMask = 2147483647;
			files = (
				AAE89F0C21FD036D00091FA5 /* Assets.xcassets in Resources */,
				AAE89F0F21FD036D00091FA5 /* MainMenu.xib in Resources */,
			);
			runOnlyForDeploymentPostprocessing = 0;
		};
		AAED437E2148B64C001A2FCF /* Resources */ = {
			isa = PBXResourcesBuildPhase;
			buildActionMask = 2147483647;
			files = (
				AAED43872148B64D001A2FCF /* Assets.xcassets in Resources */,
				AA3F2D3521FEC5750027AF62 /* net.sf.jumpcut.preferences.appearance.tiff in Resources */,
				AAED438A2148B64D001A2FCF /* MainMenu.xib in Resources */,
				AA92927C21685207009A2BE4 /* Credits.html in Resources */,
				AA3F2D3D21FEC69F0027AF62 /* net.sf.jumpcut.preferences.general.tiff in Resources */,
				AA3F2D3621FEC5750027AF62 /* net.sf.jumpcut.preferences.hotkey.tiff in Resources */,
			);
			runOnlyForDeploymentPostprocessing = 0;
		};
/* End PBXResourcesBuildPhase section */

/* Begin PBXSourcesBuildPhase section */
		AAE89F0221FD036A00091FA5 /* Sources */ = {
			isa = PBXSourcesBuildPhase;
			buildActionMask = 2147483647;
			files = (
				AAE89F1221FD036D00091FA5 /* main.m in Sources */,
				AAE89F0A21FD036A00091FA5 /* AppDelegate.m in Sources */,
			);
			runOnlyForDeploymentPostprocessing = 0;
		};
		AAED437C2148B64C001A2FCF /* Sources */ = {
			isa = PBXSourcesBuildPhase;
			buildActionMask = 2147483647;
			files = (
				AAB4CC45214D4E4E0015C072 /* BezelWindow.m in Sources */,
				AAB4CC4E214D62230015C072 /* JumpcutStore.m in Sources */,
				AAED438D2148B64D001A2FCF /* main.m in Sources */,
				AAB4CC4D214D62230015C072 /* JumpcutClipping.m in Sources */,
				AAB4CC47214D4E4E0015C072 /* NSBezierPathAdditions.m in Sources */,
				AAB4CC44214D4E4E0015C072 /* RoundRecTextField.m in Sources */,
				AAB4CC46214D4E4E0015C072 /* RoundRecBezierPath.m in Sources */,
				AAED439D2148C37C001A2FCF /* UKPrefsPanel.m in Sources */,
				AAED43852148B64C001A2FCF /* AppDelegate.m in Sources */,
			);
			runOnlyForDeploymentPostprocessing = 0;
		};
/* End PBXSourcesBuildPhase section */

/* Begin PBXVariantGroup section */
		AAE89F0D21FD036D00091FA5 /* MainMenu.xib */ = {
			isa = PBXVariantGroup;
			children = (
				AAE89F0E21FD036D00091FA5 /* Base */,
			);
			name = MainMenu.xib;
			sourceTree = "<group>";
		};
		AAED43882148B64D001A2FCF /* MainMenu.xib */ = {
			isa = PBXVariantGroup;
			children = (
				AAED43892148B64D001A2FCF /* Base */,
			);
			name = MainMenu.xib;
			sourceTree = "<group>";
		};
/* End PBXVariantGroup section */

/* Begin XCBuildConfiguration section */
		AAE89F1521FD036D00091FA5 /* Debug */ = {
			isa = XCBuildConfiguration;
			buildSettings = {
				ASSETCATALOG_COMPILER_APPICON_NAME = AppIcon;
				CODE_SIGN_ENTITLEMENTS = JumpcutHelper/JumpcutHelper.entitlements;
				CODE_SIGN_STYLE = Automatic;
				COMBINE_HIDPI_IMAGES = YES;
				DEVELOPMENT_TEAM = 4987SK7L6Z;
				ENABLE_HARDENED_RUNTIME = YES;
				INFOPLIST_FILE = JumpcutHelper/Info.plist;
				LD_RUNPATH_SEARCH_PATHS = (
					"$(inherited)",
					"@executable_path/../Frameworks",
				);
				MTL_ENABLE_DEBUG_INFO = INCLUDE_SOURCE;
				MTL_FAST_MATH = YES;
				PRODUCT_BUNDLE_IDENTIFIER = net.sf.jumpcut.JumpcutHelper;
				PRODUCT_NAME = "$(TARGET_NAME)";
				SKIP_INSTALL = YES;
			};
			name = Debug;
		};
		AAE89F1621FD036D00091FA5 /* Release */ = {
			isa = XCBuildConfiguration;
			buildSettings = {
				ASSETCATALOG_COMPILER_APPICON_NAME = AppIcon;
				CODE_SIGN_ENTITLEMENTS = JumpcutHelper/JumpcutHelper.entitlements;
				CODE_SIGN_STYLE = Automatic;
				COMBINE_HIDPI_IMAGES = YES;
				DEVELOPMENT_TEAM = 4987SK7L6Z;
				ENABLE_HARDENED_RUNTIME = YES;
				INFOPLIST_FILE = JumpcutHelper/Info.plist;
				LD_RUNPATH_SEARCH_PATHS = (
					"$(inherited)",
					"@executable_path/../Frameworks",
				);
				MTL_FAST_MATH = YES;
				PRODUCT_BUNDLE_IDENTIFIER = net.sf.jumpcut.JumpcutHelper;
				PRODUCT_NAME = "$(TARGET_NAME)";
				SKIP_INSTALL = YES;
			};
			name = Release;
		};
		AAED438F2148B64D001A2FCF /* Debug */ = {
			isa = XCBuildConfiguration;
			buildSettings = {
				ALWAYS_SEARCH_USER_PATHS = NO;
				CLANG_ANALYZER_NONNULL = YES;
				CLANG_ANALYZER_NUMBER_OBJECT_CONVERSION = YES_AGGRESSIVE;
				CLANG_CXX_LANGUAGE_STANDARD = "gnu++14";
				CLANG_CXX_LIBRARY = "libc++";
				CLANG_ENABLE_MODULES = YES;
				CLANG_ENABLE_OBJC_ARC = YES;
				CLANG_ENABLE_OBJC_WEAK = YES;
				CLANG_WARN_BLOCK_CAPTURE_AUTORELEASING = YES;
				CLANG_WARN_BOOL_CONVERSION = YES;
				CLANG_WARN_COMMA = YES;
				CLANG_WARN_CONSTANT_CONVERSION = YES;
				CLANG_WARN_DEPRECATED_OBJC_IMPLEMENTATIONS = YES;
				CLANG_WARN_DIRECT_OBJC_ISA_USAGE = YES_ERROR;
				CLANG_WARN_DOCUMENTATION_COMMENTS = YES;
				CLANG_WARN_EMPTY_BODY = YES;
				CLANG_WARN_ENUM_CONVERSION = YES;
				CLANG_WARN_INFINITE_RECURSION = YES;
				CLANG_WARN_INT_CONVERSION = YES;
				CLANG_WARN_NON_LITERAL_NULL_CONVERSION = YES;
				CLANG_WARN_OBJC_IMPLICIT_RETAIN_SELF = YES;
				CLANG_WARN_OBJC_LITERAL_CONVERSION = YES;
				CLANG_WARN_OBJC_ROOT_CLASS = YES_ERROR;
				CLANG_WARN_RANGE_LOOP_ANALYSIS = YES;
				CLANG_WARN_STRICT_PROTOTYPES = YES;
				CLANG_WARN_SUSPICIOUS_MOVE = YES;
				CLANG_WARN_UNGUARDED_AVAILABILITY = YES_AGGRESSIVE;
				CLANG_WARN_UNREACHABLE_CODE = YES;
				CLANG_WARN__DUPLICATE_METHOD_MATCH = YES;
				CODE_SIGN_IDENTITY = "Mac Developer";
				COPY_PHASE_STRIP = NO;
				DEBUG_INFORMATION_FORMAT = dwarf;
				ENABLE_STRICT_OBJC_MSGSEND = YES;
				ENABLE_TESTABILITY = YES;
				GCC_C_LANGUAGE_STANDARD = gnu11;
				GCC_DYNAMIC_NO_PIC = NO;
				GCC_NO_COMMON_BLOCKS = YES;
				GCC_OPTIMIZATION_LEVEL = 0;
				GCC_PREPROCESSOR_DEFINITIONS = (
					"DEBUG=1",
					"$(inherited)",
				);
				GCC_WARN_64_TO_32_BIT_CONVERSION = YES;
				GCC_WARN_ABOUT_RETURN_TYPE = YES_ERROR;
				GCC_WARN_UNDECLARED_SELECTOR = YES;
				GCC_WARN_UNINITIALIZED_AUTOS = YES_AGGRESSIVE;
				GCC_WARN_UNUSED_FUNCTION = YES;
				GCC_WARN_UNUSED_VARIABLE = YES;
				MACOSX_DEPLOYMENT_TARGET = 10.13;
				MTL_ENABLE_DEBUG_INFO = YES;
				ONLY_ACTIVE_ARCH = YES;
				SDKROOT = macosx;
			};
			name = Debug;
		};
		AAED43902148B64D001A2FCF /* Release */ = {
			isa = XCBuildConfiguration;
			buildSettings = {
				ALWAYS_SEARCH_USER_PATHS = NO;
				CLANG_ANALYZER_NONNULL = YES;
				CLANG_ANALYZER_NUMBER_OBJECT_CONVERSION = YES_AGGRESSIVE;
				CLANG_CXX_LANGUAGE_STANDARD = "gnu++14";
				CLANG_CXX_LIBRARY = "libc++";
				CLANG_ENABLE_MODULES = YES;
				CLANG_ENABLE_OBJC_ARC = YES;
				CLANG_ENABLE_OBJC_WEAK = YES;
				CLANG_WARN_BLOCK_CAPTURE_AUTORELEASING = YES;
				CLANG_WARN_BOOL_CONVERSION = YES;
				CLANG_WARN_COMMA = YES;
				CLANG_WARN_CONSTANT_CONVERSION = YES;
				CLANG_WARN_DEPRECATED_OBJC_IMPLEMENTATIONS = YES;
				CLANG_WARN_DIRECT_OBJC_ISA_USAGE = YES_ERROR;
				CLANG_WARN_DOCUMENTATION_COMMENTS = YES;
				CLANG_WARN_EMPTY_BODY = YES;
				CLANG_WARN_ENUM_CONVERSION = YES;
				CLANG_WARN_INFINITE_RECURSION = YES;
				CLANG_WARN_INT_CONVERSION = YES;
				CLANG_WARN_NON_LITERAL_NULL_CONVERSION = YES;
				CLANG_WARN_OBJC_IMPLICIT_RETAIN_SELF = YES;
				CLANG_WARN_OBJC_LITERAL_CONVERSION = YES;
				CLANG_WARN_OBJC_ROOT_CLASS = YES_ERROR;
				CLANG_WARN_RANGE_LOOP_ANALYSIS = YES;
				CLANG_WARN_STRICT_PROTOTYPES = YES;
				CLANG_WARN_SUSPICIOUS_MOVE = YES;
				CLANG_WARN_UNGUARDED_AVAILABILITY = YES_AGGRESSIVE;
				CLANG_WARN_UNREACHABLE_CODE = YES;
				CLANG_WARN__DUPLICATE_METHOD_MATCH = YES;
				CODE_SIGN_IDENTITY = "Mac Developer";
				COPY_PHASE_STRIP = NO;
				DEBUG_INFORMATION_FORMAT = "dwarf-with-dsym";
				ENABLE_NS_ASSERTIONS = NO;
				ENABLE_STRICT_OBJC_MSGSEND = YES;
				GCC_C_LANGUAGE_STANDARD = gnu11;
				GCC_NO_COMMON_BLOCKS = YES;
				GCC_WARN_64_TO_32_BIT_CONVERSION = YES;
				GCC_WARN_ABOUT_RETURN_TYPE = YES_ERROR;
				GCC_WARN_UNDECLARED_SELECTOR = YES;
				GCC_WARN_UNINITIALIZED_AUTOS = YES_AGGRESSIVE;
				GCC_WARN_UNUSED_FUNCTION = YES;
				GCC_WARN_UNUSED_VARIABLE = YES;
				MACOSX_DEPLOYMENT_TARGET = 10.13;
				MTL_ENABLE_DEBUG_INFO = NO;
				SDKROOT = macosx;
			};
			name = Release;
		};
		AAED43922148B64D001A2FCF /* Debug */ = {
			isa = XCBuildConfiguration;
			buildSettings = {
				ASSETCATALOG_COMPILER_APPICON_NAME = AppIcon;
				CLANG_ENABLE_OBJC_ARC = NO;
				CODE_SIGN_ENTITLEMENTS = Jumpcut/Jumpcut.entitlements;
				CODE_SIGN_STYLE = Automatic;
				COMBINE_HIDPI_IMAGES = YES;
				DEVELOPMENT_TEAM = 4987SK7L6Z;
				ENABLE_HARDENED_RUNTIME = YES;
				FRAMEWORK_SEARCH_PATHS = (
					"$(inherited)",
					"$(PROJECT_DIR)",
				);
				INFOPLIST_FILE = Jumpcut/Info.plist;
				LD_RUNPATH_SEARCH_PATHS = (
					"$(inherited)",
					"@executable_path/../SharedFrameworks",
					"@loader_path/../Frameworks",
				);
				PRODUCT_BUNDLE_IDENTIFIER = net.sf.Jumpcut;
				PRODUCT_NAME = "$(TARGET_NAME)";
				STRIP_INSTALLED_PRODUCT = YES;
			};
			name = Debug;
		};
		AAED43932148B64D001A2FCF /* Release */ = {
			isa = XCBuildConfiguration;
			buildSettings = {
				ASSETCATALOG_COMPILER_APPICON_NAME = AppIcon;
				CLANG_ENABLE_OBJC_ARC = NO;
				CODE_SIGN_ENTITLEMENTS = Jumpcut/Jumpcut.entitlements;
				CODE_SIGN_STYLE = Automatic;
				COMBINE_HIDPI_IMAGES = YES;
				DEVELOPMENT_TEAM = 4987SK7L6Z;
				ENABLE_HARDENED_RUNTIME = YES;
				FRAMEWORK_SEARCH_PATHS = (
					"$(inherited)",
					"$(PROJECT_DIR)",
				);
				INFOPLIST_FILE = Jumpcut/Info.plist;
				LD_RUNPATH_SEARCH_PATHS = (
					"$(inherited)",
					"@executable_path/../SharedFrameworks",
					"@loader_path/../Frameworks",
				);
				PRODUCT_BUNDLE_IDENTIFIER = net.sf.Jumpcut;
				PRODUCT_NAME = "$(TARGET_NAME)";
				STRIP_INSTALLED_PRODUCT = NO;
			};
			name = Release;
		};
/* End XCBuildConfiguration section */

/* Begin XCConfigurationList section */
		AAE89F1421FD036D00091FA5 /* Build configuration list for PBXNativeTarget "JumpcutHelper" */ = {
			isa = XCConfigurationList;
			buildConfigurations = (
				AAE89F1521FD036D00091FA5 /* Debug */,
				AAE89F1621FD036D00091FA5 /* Release */,
			);
			defaultConfigurationIsVisible = 0;
			defaultConfigurationName = Release;
		};
		AAED437B2148B64C001A2FCF /* Build configuration list for PBXProject "Jumpcut" */ = {
			isa = XCConfigurationList;
			buildConfigurations = (
				AAED438F2148B64D001A2FCF /* Debug */,
				AAED43902148B64D001A2FCF /* Release */,
			);
			defaultConfigurationIsVisible = 0;
			defaultConfigurationName = Release;
		};
		AAED43912148B64D001A2FCF /* Build configuration list for PBXNativeTarget "Jumpcut" */ = {
			isa = XCConfigurationList;
			buildConfigurations = (
				AAED43922148B64D001A2FCF /* Debug */,
				AAED43932148B64D001A2FCF /* Release */,
			);
			defaultConfigurationIsVisible = 0;
			defaultConfigurationName = Release;
		};
/* End XCConfigurationList section */
	};
	rootObject = AAED43782148B64C001A2FCF /* Project object */;
}
