// !$*UTF8*$!
{
	archiveVersion = 1;
	classes = {
	};
	objectVersion = 42;
	objects = {

/* Begin PBXBuildFile section */
		8D11072A0486CEB800E47090 /* MainMenu.nib in Resources */ = {isa = PBXBuildFile; fileRef = 29B97318FDCFA39411CA2CEA /* MainMenu.nib */; };
		8D11072B0486CEB800E47090 /* InfoPlist.strings in Resources */ = {isa = PBXBuildFile; fileRef = 089C165CFE840E0CC02AAC07 /* InfoPlist.strings */; };
		8D11072D0486CEB800E47090 /* main.m in Sources */ = {isa = PBXBuildFile; fileRef = 29B97316FDCFA39411CA2CEA /* main.m */; settings = {ATTRIBUTES = (); }; };
		8D11072F0486CEB800E47090 /* Cocoa.framework in Frameworks */ = {isa = PBXBuildFile; fileRef = 1058C7A1FEA54F0111CA2CBB /* Cocoa.framework */; };
		AA2640B90A37D2E600591C20 /* jumpcut.icns in Resources */ = {isa = PBXBuildFile; fileRef = AA2640B80A37D2E600591C20 /* jumpcut.icns */; };
		AA730D100DC3D47600F53350 /* Sparkle.framework in Frameworks */ = {isa = PBXBuildFile; fileRef = AA730D0F0DC3D47600F53350 /* Sparkle.framework */; };
		AA730D240DC3D48200F53350 /* Sparkle.framework in CopyFiles */ = {isa = PBXBuildFile; fileRef = AA730D0F0DC3D47600F53350 /* Sparkle.framework */; };
		AABE493309FF21BE00A6A239 /* PTHotKey.m in Sources */ = {isa = PBXBuildFile; fileRef = AABE492909FF21BE00A6A239 /* PTHotKey.m */; };
		AABE493409FF21BE00A6A239 /* PTHotKeyCenter.m in Sources */ = {isa = PBXBuildFile; fileRef = AABE492B09FF21BE00A6A239 /* PTHotKeyCenter.m */; };
		AABE493509FF21BE00A6A239 /* PTKeyBroadcaster.m in Sources */ = {isa = PBXBuildFile; fileRef = AABE492D09FF21BE00A6A239 /* PTKeyBroadcaster.m */; };
		AABE493609FF21BE00A6A239 /* PTKeyCodeTranslator.m in Sources */ = {isa = PBXBuildFile; fileRef = AABE492F09FF21BE00A6A239 /* PTKeyCodeTranslator.m */; };
		AABE493709FF21BE00A6A239 /* PTKeyCombo.m in Sources */ = {isa = PBXBuildFile; fileRef = AABE493109FF21BE00A6A239 /* PTKeyCombo.m */; };
		AABE496A09FF227E00A6A239 /* JumpcutClipping.m in Sources */ = {isa = PBXBuildFile; fileRef = AABE496409FF227E00A6A239 /* JumpcutClipping.m */; };
		AABE496B09FF227E00A6A239 /* JumpcutStore.m in Sources */ = {isa = PBXBuildFile; fileRef = AABE496609FF227E00A6A239 /* JumpcutStore.m */; };
		AABE497C09FF9CD000A6A239 /* AppController.m in Sources */ = {isa = PBXBuildFile; fileRef = AABE497B09FF9CD000A6A239 /* AppController.m */; };
		AADC65F30A1DFCF000C0096D /* net.sf.jumpcut.ghost_scissors_small.png in Resources */ = {isa = PBXBuildFile; fileRef = AADC65F20A1DFCEF00C0096D /* net.sf.jumpcut.ghost_scissors_small.png */; };
		AAE200780A228741002DCC2A /* net.sf.jumpcut.preferences.appearance.tiff in Resources */ = {isa = PBXBuildFile; fileRef = AAE200770A228741002DCC2A /* net.sf.jumpcut.preferences.appearance.tiff */; };
		AAE2FD090A1EC35D002DCC2A /* net.sf.jumpcut.preferences.general.tiff in Resources */ = {isa = PBXBuildFile; fileRef = AAE2FD080A1EC35D002DCC2A /* net.sf.jumpcut.preferences.general.tiff */; };
		AAE2FEA70A1F6AD4002DCC2A /* net.sf.jumpcut.scissors_bw16.png in Resources */ = {isa = PBXBuildFile; fileRef = AAE2FEA60A1F6AD3002DCC2A /* net.sf.jumpcut.scissors_bw16.png */; };
		AAECDC800A03C8FB007D377A /* net.sf.jumpcut.preferences.hotkey.tiff in Resources */ = {isa = PBXBuildFile; fileRef = AAECDC7E0A03C8FB007D377A /* net.sf.jumpcut.preferences.hotkey.tiff */; };
		AAECDDC70A03DCC5007D377A /* net.sf.jumpcut.preferences.acknowledgements.tiff in Resources */ = {isa = PBXBuildFile; fileRef = AAECDDC60A03DCC4007D377A /* net.sf.jumpcut.preferences.acknowledgements.tiff */; };
		AAFAC85F0A1BD9DD00DC6025 /* Carbon.framework in Frameworks */ = {isa = PBXBuildFile; fileRef = AAFAC84A0A1BD9DD00DC6025 /* Carbon.framework */; };
		CDCB0D580F6DD3410098FC6A /* RoundRecTextField.h in Headers */ = {isa = PBXBuildFile; fileRef = CDCB0D520F6DD3410098FC6A /* RoundRecTextField.h */; };
		CDCB0D590F6DD3410098FC6A /* RoundRecBezierPath.m in Sources */ = {isa = PBXBuildFile; fileRef = CDCB0D530F6DD3410098FC6A /* RoundRecBezierPath.m */; };
		CDCB0D5A0F6DD3410098FC6A /* BezelWindow.m in Sources */ = {isa = PBXBuildFile; fileRef = CDCB0D540F6DD3410098FC6A /* BezelWindow.m */; };
		CDCB0D5B0F6DD3410098FC6A /* RoundRecBezierPath.h in Headers */ = {isa = PBXBuildFile; fileRef = CDCB0D550F6DD3410098FC6A /* RoundRecBezierPath.h */; };
		CDCB0D5C0F6DD3410098FC6A /* RoundRecTextField.m in Sources */ = {isa = PBXBuildFile; fileRef = CDCB0D560F6DD3410098FC6A /* RoundRecTextField.m */; };
		CDCB0D5D0F6DD3410098FC6A /* BezelWindow.h in Headers */ = {isa = PBXBuildFile; fileRef = CDCB0D570F6DD3410098FC6A /* BezelWindow.h */; };
		CDCB0D620F6DD38D0098FC6A /* UKLoginItemRegistry.h in Headers */ = {isa = PBXBuildFile; fileRef = CDCB0D5E0F6DD38D0098FC6A /* UKLoginItemRegistry.h */; };
		CDCB0D630F6DD38D0098FC6A /* LoginItemsAE.h in Headers */ = {isa = PBXBuildFile; fileRef = CDCB0D5F0F6DD38D0098FC6A /* LoginItemsAE.h */; };
		CDCB0D640F6DD38D0098FC6A /* UKLoginItemRegistry.m in Sources */ = {isa = PBXBuildFile; fileRef = CDCB0D600F6DD38D0098FC6A /* UKLoginItemRegistry.m */; };
		CDCB0D650F6DD38D0098FC6A /* LoginItemsAE.c in Sources */ = {isa = PBXBuildFile; fileRef = CDCB0D610F6DD38D0098FC6A /* LoginItemsAE.c */; };
		CDCB0D7F0F6DD4150098FC6A /* UKPrefsPanel.h in Headers */ = {isa = PBXBuildFile; fileRef = CDCB0D7D0F6DD4150098FC6A /* UKPrefsPanel.h */; };
		CDCB0D800F6DD4150098FC6A /* UKPrefsPanel.m in Sources */ = {isa = PBXBuildFile; fileRef = CDCB0D7E0F6DD4150098FC6A /* UKPrefsPanel.m */; };
		CDCB0D840F6DD4650098FC6A /* RemoveShortcut.tif in Resources */ = {isa = PBXBuildFile; fileRef = CDCB0D810F6DD4650098FC6A /* RemoveShortcut.tif */; };
		CDCB0D850F6DD4650098FC6A /* RemoveShortcutRollover.tif in Resources */ = {isa = PBXBuildFile; fileRef = CDCB0D820F6DD4650098FC6A /* RemoveShortcutRollover.tif */; };
		CDCB0D860F6DD4650098FC6A /* RemoveShortcutPressed.tif in Resources */ = {isa = PBXBuildFile; fileRef = CDCB0D830F6DD4650098FC6A /* RemoveShortcutPressed.tif */; };
		CDCB0D910F6DD4E30098FC6A /* SRCommon.h in Headers */ = {isa = PBXBuildFile; fileRef = CDCB0D870F6DD4E30098FC6A /* SRCommon.h */; };
		CDCB0D920F6DD4E30098FC6A /* SRCommon.m in Sources */ = {isa = PBXBuildFile; fileRef = CDCB0D880F6DD4E30098FC6A /* SRCommon.m */; };
		CDCB0D930F6DD4E30098FC6A /* SRValidator.h in Headers */ = {isa = PBXBuildFile; fileRef = CDCB0D890F6DD4E30098FC6A /* SRValidator.h */; };
		CDCB0D940F6DD4E30098FC6A /* SRRecorderControl.m in Sources */ = {isa = PBXBuildFile; fileRef = CDCB0D8A0F6DD4E30098FC6A /* SRRecorderControl.m */; };
		CDCB0D950F6DD4E30098FC6A /* SRKeyCodeTransformer.h in Headers */ = {isa = PBXBuildFile; fileRef = CDCB0D8B0F6DD4E30098FC6A /* SRKeyCodeTransformer.h */; };
		CDCB0D960F6DD4E30098FC6A /* SRRecorderCell.m in Sources */ = {isa = PBXBuildFile; fileRef = CDCB0D8C0F6DD4E30098FC6A /* SRRecorderCell.m */; };
		CDCB0D970F6DD4E30098FC6A /* SRRecorderCell.h in Headers */ = {isa = PBXBuildFile; fileRef = CDCB0D8D0F6DD4E30098FC6A /* SRRecorderCell.h */; };
		CDCB0D980F6DD4E30098FC6A /* SRRecorderControl.h in Headers */ = {isa = PBXBuildFile; fileRef = CDCB0D8E0F6DD4E30098FC6A /* SRRecorderControl.h */; };
		CDCB0D990F6DD4E30098FC6A /* SRValidator.m in Sources */ = {isa = PBXBuildFile; fileRef = CDCB0D8F0F6DD4E30098FC6A /* SRValidator.m */; };
		CDCB0D9A0F6DD4E30098FC6A /* SRKeyCodeTransformer.m in Sources */ = {isa = PBXBuildFile; fileRef = CDCB0D900F6DD4E30098FC6A /* SRKeyCodeTransformer.m */; };
		CDCB0D9D0F6DD4ED0098FC6A /* CTGradient.m in Sources */ = {isa = PBXBuildFile; fileRef = CDCB0D9B0F6DD4ED0098FC6A /* CTGradient.m */; };
		CDCB0D9E0F6DD4ED0098FC6A /* CTGradient.h in Headers */ = {isa = PBXBuildFile; fileRef = CDCB0D9C0F6DD4ED0098FC6A /* CTGradient.h */; };
		CDCB0DC40F6DEAA80098FC6A /* NSBezierPathAdditions.h in Headers */ = {isa = PBXBuildFile; fileRef = CDCB0DC20F6DEAA80098FC6A /* NSBezierPathAdditions.h */; };
		CDCB0DC50F6DEAA80098FC6A /* NSBezierPathAdditions.m in Sources */ = {isa = PBXBuildFile; fileRef = CDCB0DC30F6DEAA80098FC6A /* NSBezierPathAdditions.m */; };
		CDCC495A0F7419F800D2BBB3 /* Localizable.strings in Resources */ = {isa = PBXBuildFile; fileRef = CDCC49590F7419F800D2BBB3 /* Localizable.strings */; };
		CDE0B9E50F3619C0007B09AF /* Credits.html in Resources */ = {isa = PBXBuildFile; fileRef = CDE0B9E40F3619C0007B09AF /* Credits.html */; };
/* End PBXBuildFile section */

/* Begin PBXCopyFilesBuildPhase section */
		AA22E86C0DBC4CB100351132 /* CopyFiles */ = {
			isa = PBXCopyFilesBuildPhase;
			buildActionMask = 2147483647;
			dstPath = "";
			dstSubfolderSpec = 7;
			files = (
			);
			runOnlyForDeploymentPostprocessing = 0;
		};
		AAE200D70A23255C002DCC2A /* CopyFiles */ = {
			isa = PBXCopyFilesBuildPhase;
			buildActionMask = 2147483647;
			dstPath = "";
			dstSubfolderSpec = 7;
			files = (
			);
			runOnlyForDeploymentPostprocessing = 0;
		};
		AAECDE440A03E75C007D377A /* CopyFiles */ = {
			isa = PBXCopyFilesBuildPhase;
			buildActionMask = 2147483647;
			dstPath = "";
			dstSubfolderSpec = 10;
			files = (
				AA730D240DC3D48200F53350 /* Sparkle.framework in CopyFiles */,
			);
			runOnlyForDeploymentPostprocessing = 0;
		};
/* End PBXCopyFilesBuildPhase section */

/* Begin PBXFileReference section */
		089C165DFE840E0CC02AAC07 /* English */ = {isa = PBXFileReference; fileEncoding = 10; lastKnownFileType = text.plist.strings; name = English; path = English.lproj/InfoPlist.strings; sourceTree = "<group>"; };
		1058C7A1FEA54F0111CA2CBB /* Cocoa.framework */ = {isa = PBXFileReference; lastKnownFileType = wrapper.framework; name = Cocoa.framework; path = /System/Library/Frameworks/Cocoa.framework; sourceTree = "<absolute>"; };
		13E42FB307B3F0F600E4EEF1 /* CoreData.framework */ = {isa = PBXFileReference; lastKnownFileType = wrapper.framework; name = CoreData.framework; path = /System/Library/Frameworks/CoreData.framework; sourceTree = "<absolute>"; };
		29B97316FDCFA39411CA2CEA /* main.m */ = {isa = PBXFileReference; fileEncoding = 4; lastKnownFileType = sourcecode.c.objc; path = main.m; sourceTree = "<group>"; };
		29B97319FDCFA39411CA2CEA /* English */ = {isa = PBXFileReference; lastKnownFileType = wrapper.nib; name = English; path = English.lproj/MainMenu.nib; sourceTree = "<group>"; };
		29B97324FDCFA39411CA2CEA /* AppKit.framework */ = {isa = PBXFileReference; lastKnownFileType = wrapper.framework; name = AppKit.framework; path = /System/Library/Frameworks/AppKit.framework; sourceTree = "<absolute>"; };
		29B97325FDCFA39411CA2CEA /* Foundation.framework */ = {isa = PBXFileReference; lastKnownFileType = wrapper.framework; name = Foundation.framework; path = /System/Library/Frameworks/Foundation.framework; sourceTree = "<absolute>"; };
		32CA4F630368D1EE00C91783 /* Jumpcut_Prefix.pch */ = {isa = PBXFileReference; fileEncoding = 4; lastKnownFileType = sourcecode.c.h; path = Jumpcut_Prefix.pch; sourceTree = "<group>"; };
		8D1107310486CEB800E47090 /* Info.plist */ = {isa = PBXFileReference; fileEncoding = 4; lastKnownFileType = text.plist; path = Info.plist; sourceTree = "<group>"; };
		8D1107320486CEB800E47090 /* Jumpcut.app */ = {isa = PBXFileReference; explicitFileType = wrapper.application; includeInIndex = 0; path = Jumpcut.app; sourceTree = BUILT_PRODUCTS_DIR; };
		AA2640B80A37D2E600591C20 /* jumpcut.icns */ = {isa = PBXFileReference; lastKnownFileType = image.icns; path = jumpcut.icns; sourceTree = "<group>"; };
		AA730D0F0DC3D47600F53350 /* Sparkle.framework */ = {isa = PBXFileReference; lastKnownFileType = wrapper.framework; path = Sparkle.framework; sourceTree = "<group>"; };
		AABE492809FF21BE00A6A239 /* PTHotKey.h */ = {isa = PBXFileReference; fileEncoding = 30; lastKnownFileType = sourcecode.c.h; name = PTHotKey.h; path = src/PTHotKey.h; sourceTree = "<group>"; };
		AABE492909FF21BE00A6A239 /* PTHotKey.m */ = {isa = PBXFileReference; fileEncoding = 30; lastKnownFileType = sourcecode.c.objc; name = PTHotKey.m; path = src/PTHotKey.m; sourceTree = "<group>"; };
		AABE492A09FF21BE00A6A239 /* PTHotKeyCenter.h */ = {isa = PBXFileReference; fileEncoding = 30; lastKnownFileType = sourcecode.c.h; name = PTHotKeyCenter.h; path = src/PTHotKeyCenter.h; sourceTree = "<group>"; };
		AABE492B09FF21BE00A6A239 /* PTHotKeyCenter.m */ = {isa = PBXFileReference; fileEncoding = 30; lastKnownFileType = sourcecode.c.objc; name = PTHotKeyCenter.m; path = src/PTHotKeyCenter.m; sourceTree = "<group>"; };
		AABE492C09FF21BE00A6A239 /* PTKeyBroadcaster.h */ = {isa = PBXFileReference; fileEncoding = 30; lastKnownFileType = sourcecode.c.h; name = PTKeyBroadcaster.h; path = src/PTKeyBroadcaster.h; sourceTree = "<group>"; };
		AABE492D09FF21BE00A6A239 /* PTKeyBroadcaster.m */ = {isa = PBXFileReference; fileEncoding = 30; lastKnownFileType = sourcecode.c.objc; name = PTKeyBroadcaster.m; path = src/PTKeyBroadcaster.m; sourceTree = "<group>"; };
		AABE492E09FF21BE00A6A239 /* PTKeyCodeTranslator.h */ = {isa = PBXFileReference; fileEncoding = 30; lastKnownFileType = sourcecode.c.h; name = PTKeyCodeTranslator.h; path = src/PTKeyCodeTranslator.h; sourceTree = "<group>"; };
		AABE492F09FF21BE00A6A239 /* PTKeyCodeTranslator.m */ = {isa = PBXFileReference; fileEncoding = 30; lastKnownFileType = sourcecode.c.objc; name = PTKeyCodeTranslator.m; path = src/PTKeyCodeTranslator.m; sourceTree = "<group>"; };
		AABE493009FF21BE00A6A239 /* PTKeyCombo.h */ = {isa = PBXFileReference; fileEncoding = 30; lastKnownFileType = sourcecode.c.h; name = PTKeyCombo.h; path = src/PTKeyCombo.h; sourceTree = "<group>"; };
		AABE493109FF21BE00A6A239 /* PTKeyCombo.m */ = {isa = PBXFileReference; fileEncoding = 30; lastKnownFileType = sourcecode.c.objc; name = PTKeyCombo.m; path = src/PTKeyCombo.m; sourceTree = "<group>"; };
		AABE496309FF227E00A6A239 /* JumpcutClipping.h */ = {isa = PBXFileReference; fileEncoding = 30; lastKnownFileType = sourcecode.c.h; path = JumpcutClipping.h; sourceTree = "<group>"; };
		AABE496409FF227E00A6A239 /* JumpcutClipping.m */ = {isa = PBXFileReference; fileEncoding = 30; lastKnownFileType = sourcecode.c.objc; path = JumpcutClipping.m; sourceTree = "<group>"; };
		AABE496509FF227E00A6A239 /* JumpcutStore.h */ = {isa = PBXFileReference; fileEncoding = 30; lastKnownFileType = sourcecode.c.h; path = JumpcutStore.h; sourceTree = "<group>"; };
		AABE496609FF227E00A6A239 /* JumpcutStore.m */ = {isa = PBXFileReference; fileEncoding = 30; lastKnownFileType = sourcecode.c.objc; path = JumpcutStore.m; sourceTree = "<group>"; };
		AABE497A09FF9CD000A6A239 /* AppController.h */ = {isa = PBXFileReference; fileEncoding = 30; lastKnownFileType = sourcecode.c.h; path = AppController.h; sourceTree = "<group>"; };
		AABE497B09FF9CD000A6A239 /* AppController.m */ = {isa = PBXFileReference; fileEncoding = 30; lastKnownFileType = sourcecode.c.objc; path = AppController.m; sourceTree = "<group>"; };
		AADC65F20A1DFCEF00C0096D /* net.sf.jumpcut.ghost_scissors_small.png */ = {isa = PBXFileReference; lastKnownFileType = image.png; path = net.sf.jumpcut.ghost_scissors_small.png; sourceTree = "<group>"; };
		AAE200770A228741002DCC2A /* net.sf.jumpcut.preferences.appearance.tiff */ = {isa = PBXFileReference; lastKnownFileType = image.tiff; path = net.sf.jumpcut.preferences.appearance.tiff; sourceTree = "<group>"; };
		AAE2FD080A1EC35D002DCC2A /* net.sf.jumpcut.preferences.general.tiff */ = {isa = PBXFileReference; lastKnownFileType = image.tiff; path = net.sf.jumpcut.preferences.general.tiff; sourceTree = "<group>"; };
		AAE2FEA60A1F6AD3002DCC2A /* net.sf.jumpcut.scissors_bw16.png */ = {isa = PBXFileReference; lastKnownFileType = image.png; path = net.sf.jumpcut.scissors_bw16.png; sourceTree = "<group>"; };
		AAECDC7E0A03C8FB007D377A /* net.sf.jumpcut.preferences.hotkey.tiff */ = {isa = PBXFileReference; lastKnownFileType = image.tiff; path = net.sf.jumpcut.preferences.hotkey.tiff; sourceTree = "<group>"; };
		AAECDDC60A03DCC4007D377A /* net.sf.jumpcut.preferences.acknowledgements.tiff */ = {isa = PBXFileReference; lastKnownFileType = image.tiff; path = net.sf.jumpcut.preferences.acknowledgements.tiff; sourceTree = "<group>"; };
		AAFAC84A0A1BD9DD00DC6025 /* Carbon.framework */ = {isa = PBXFileReference; lastKnownFileType = wrapper.framework; name = Carbon.framework; path = /System/Library/Frameworks/Carbon.framework; sourceTree = "<absolute>"; };
		CDCB0D520F6DD3410098FC6A /* RoundRecTextField.h */ = {isa = PBXFileReference; fileEncoding = 4; lastKnownFileType = sourcecode.c.h; name = RoundRecTextField.h; path = UI/RoundRecTextField.h; sourceTree = "<group>"; };
		CDCB0D530F6DD3410098FC6A /* RoundRecBezierPath.m */ = {isa = PBXFileReference; fileEncoding = 4; lastKnownFileType = sourcecode.c.objc; name = RoundRecBezierPath.m; path = UI/RoundRecBezierPath.m; sourceTree = "<group>"; };
		CDCB0D540F6DD3410098FC6A /* BezelWindow.m */ = {isa = PBXFileReference; fileEncoding = 4; lastKnownFileType = sourcecode.c.objc; name = BezelWindow.m; path = UI/BezelWindow.m; sourceTree = "<group>"; };
		CDCB0D550F6DD3410098FC6A /* RoundRecBezierPath.h */ = {isa = PBXFileReference; fileEncoding = 4; lastKnownFileType = sourcecode.c.h; name = RoundRecBezierPath.h; path = UI/RoundRecBezierPath.h; sourceTree = "<group>"; };
		CDCB0D560F6DD3410098FC6A /* RoundRecTextField.m */ = {isa = PBXFileReference; fileEncoding = 4; lastKnownFileType = sourcecode.c.objc; name = RoundRecTextField.m; path = UI/RoundRecTextField.m; sourceTree = "<group>"; };
		CDCB0D570F6DD3410098FC6A /* BezelWindow.h */ = {isa = PBXFileReference; fileEncoding = 4; lastKnownFileType = sourcecode.c.h; name = BezelWindow.h; path = UI/BezelWindow.h; sourceTree = "<group>"; };
		CDCB0D5E0F6DD38D0098FC6A /* UKLoginItemRegistry.h */ = {isa = PBXFileReference; fileEncoding = 4; lastKnownFileType = sourcecode.c.h; name = UKLoginItemRegistry.h; path = LoginItem/UKLoginItemRegistry.h; sourceTree = "<group>"; };
		CDCB0D5F0F6DD38D0098FC6A /* LoginItemsAE.h */ = {isa = PBXFileReference; fileEncoding = 4; lastKnownFileType = sourcecode.c.h; name = LoginItemsAE.h; path = LoginItem/LoginItemsAE.h; sourceTree = "<group>"; };
		CDCB0D600F6DD38D0098FC6A /* UKLoginItemRegistry.m */ = {isa = PBXFileReference; fileEncoding = 4; lastKnownFileType = sourcecode.c.objc; name = UKLoginItemRegistry.m; path = LoginItem/UKLoginItemRegistry.m; sourceTree = "<group>"; };
		CDCB0D610F6DD38D0098FC6A /* LoginItemsAE.c */ = {isa = PBXFileReference; fileEncoding = 4; lastKnownFileType = sourcecode.c.c; name = LoginItemsAE.c; path = LoginItem/LoginItemsAE.c; sourceTree = "<group>"; };
		CDCB0D7D0F6DD4150098FC6A /* UKPrefsPanel.h */ = {isa = PBXFileReference; fileEncoding = 4; lastKnownFileType = sourcecode.c.h; name = UKPrefsPanel.h; path = UKPrefsPanel_d/UKPrefsPanel.h; sourceTree = "<group>"; };
		CDCB0D7E0F6DD4150098FC6A /* UKPrefsPanel.m */ = {isa = PBXFileReference; fileEncoding = 4; lastKnownFileType = sourcecode.c.objc; name = UKPrefsPanel.m; path = UKPrefsPanel_d/UKPrefsPanel.m; sourceTree = "<group>"; };
		CDCB0D810F6DD4650098FC6A /* RemoveShortcut.tif */ = {isa = PBXFileReference; lastKnownFileType = image.tiff; name = RemoveShortcut.tif; path = ShortcutRecorder/RemoveShortcut.tif; sourceTree = "<group>"; };
		CDCB0D820F6DD4650098FC6A /* RemoveShortcutRollover.tif */ = {isa = PBXFileReference; lastKnownFileType = image.tiff; name = RemoveShortcutRollover.tif; path = ShortcutRecorder/RemoveShortcutRollover.tif; sourceTree = "<group>"; };
		CDCB0D830F6DD4650098FC6A /* RemoveShortcutPressed.tif */ = {isa = PBXFileReference; lastKnownFileType = image.tiff; name = RemoveShortcutPressed.tif; path = ShortcutRecorder/RemoveShortcutPressed.tif; sourceTree = "<group>"; };
		CDCB0D870F6DD4E30098FC6A /* SRCommon.h */ = {isa = PBXFileReference; fileEncoding = 4; lastKnownFileType = sourcecode.c.h; name = SRCommon.h; path = ShortcutRecorder/SRCommon.h; sourceTree = "<group>"; };
		CDCB0D880F6DD4E30098FC6A /* SRCommon.m */ = {isa = PBXFileReference; fileEncoding = 4; lastKnownFileType = sourcecode.c.objc; name = SRCommon.m; path = ShortcutRecorder/SRCommon.m; sourceTree = "<group>"; };
		CDCB0D890F6DD4E30098FC6A /* SRValidator.h */ = {isa = PBXFileReference; fileEncoding = 4; lastKnownFileType = sourcecode.c.h; name = SRValidator.h; path = ShortcutRecorder/SRValidator.h; sourceTree = "<group>"; };
		CDCB0D8A0F6DD4E30098FC6A /* SRRecorderControl.m */ = {isa = PBXFileReference; fileEncoding = 4; lastKnownFileType = sourcecode.c.objc; name = SRRecorderControl.m; path = ShortcutRecorder/SRRecorderControl.m; sourceTree = "<group>"; };
		CDCB0D8B0F6DD4E30098FC6A /* SRKeyCodeTransformer.h */ = {isa = PBXFileReference; fileEncoding = 4; lastKnownFileType = sourcecode.c.h; name = SRKeyCodeTransformer.h; path = ShortcutRecorder/SRKeyCodeTransformer.h; sourceTree = "<group>"; };
		CDCB0D8C0F6DD4E30098FC6A /* SRRecorderCell.m */ = {isa = PBXFileReference; fileEncoding = 4; lastKnownFileType = sourcecode.c.objc; name = SRRecorderCell.m; path = ShortcutRecorder/SRRecorderCell.m; sourceTree = "<group>"; };
		CDCB0D8D0F6DD4E30098FC6A /* SRRecorderCell.h */ = {isa = PBXFileReference; fileEncoding = 4; lastKnownFileType = sourcecode.c.h; name = SRRecorderCell.h; path = ShortcutRecorder/SRRecorderCell.h; sourceTree = "<group>"; };
		CDCB0D8E0F6DD4E30098FC6A /* SRRecorderControl.h */ = {isa = PBXFileReference; fileEncoding = 4; lastKnownFileType = sourcecode.c.h; name = SRRecorderControl.h; path = ShortcutRecorder/SRRecorderControl.h; sourceTree = "<group>"; };
		CDCB0D8F0F6DD4E30098FC6A /* SRValidator.m */ = {isa = PBXFileReference; fileEncoding = 4; lastKnownFileType = sourcecode.c.objc; name = SRValidator.m; path = ShortcutRecorder/SRValidator.m; sourceTree = "<group>"; };
		CDCB0D900F6DD4E30098FC6A /* SRKeyCodeTransformer.m */ = {isa = PBXFileReference; fileEncoding = 4; lastKnownFileType = sourcecode.c.objc; name = SRKeyCodeTransformer.m; path = ShortcutRecorder/SRKeyCodeTransformer.m; sourceTree = "<group>"; };
		CDCB0D9B0F6DD4ED0098FC6A /* CTGradient.m */ = {isa = PBXFileReference; fileEncoding = 4; lastKnownFileType = sourcecode.c.objc; name = CTGradient.m; path = ShortcutRecorder/CTGradient.m; sourceTree = "<group>"; };
		CDCB0D9C0F6DD4ED0098FC6A /* CTGradient.h */ = {isa = PBXFileReference; fileEncoding = 4; lastKnownFileType = sourcecode.c.h; name = CTGradient.h; path = ShortcutRecorder/CTGradient.h; sourceTree = "<group>"; };
		CDCB0DC20F6DEAA80098FC6A /* NSBezierPathAdditions.h */ = {isa = PBXFileReference; fileEncoding = 4; lastKnownFileType = sourcecode.c.h; name = NSBezierPathAdditions.h; path = UI/NSBezierPathAdditions.h; sourceTree = "<group>"; };
		CDCB0DC30F6DEAA80098FC6A /* NSBezierPathAdditions.m */ = {isa = PBXFileReference; fileEncoding = 4; lastKnownFileType = sourcecode.c.objc; name = NSBezierPathAdditions.m; path = UI/NSBezierPathAdditions.m; sourceTree = "<group>"; };
		CDCC49570F7419ED00D2BBB3 /* English */ = {isa = PBXFileReference; fileEncoding = 4; lastKnownFileType = text.plist.strings; name = English; path = English.lproj/Localizable.strings; sourceTree = "<group>"; };
		CDCC495B0F741A0300D2BBB3 /* fr */ = {isa = PBXFileReference; lastKnownFileType = text.plist.strings; name = fr; path = fr.lproj/Localizable.strings; sourceTree = "<group>"; };
		CDCC495C0F741A2C00D2BBB3 /* fr */ = {isa = PBXFileReference; lastKnownFileType = text.plist.strings; name = fr; path = fr.lproj/InfoPlist.strings; sourceTree = "<group>"; };
		CDCC495D0F741A3500D2BBB3 /* fr */ = {isa = PBXFileReference; lastKnownFileType = wrapper.nib; name = fr; path = fr.lproj/MainMenu.nib; sourceTree = "<group>"; };
		CDE0B9E40F3619C0007B09AF /* Credits.html */ = {isa = PBXFileReference; fileEncoding = 4; lastKnownFileType = text.html; path = Credits.html; sourceTree = "<group>"; };
/* End PBXFileReference section */

/* Begin PBXFrameworksBuildPhase section */
		8D11072E0486CEB800E47090 /* Frameworks */ = {
			isa = PBXFrameworksBuildPhase;
			buildActionMask = 2147483647;
			files = (
				8D11072F0486CEB800E47090 /* Cocoa.framework in Frameworks */,
				AAFAC85F0A1BD9DD00DC6025 /* Carbon.framework in Frameworks */,
				AA730D100DC3D47600F53350 /* Sparkle.framework in Frameworks */,
			);
			runOnlyForDeploymentPostprocessing = 0;
		};
/* End PBXFrameworksBuildPhase section */

/* Begin PBXGroup section */
		080E96DDFE201D6D7F000001 /* Classes */ = {
			isa = PBXGroup;
			children = (
				AABE497A09FF9CD000A6A239 /* AppController.h */,
				AABE497B09FF9CD000A6A239 /* AppController.m */,
				AABE496009FF227E00A6A239 /* JumpcutEngine */,
				AABE491909FF214900A6A239 /* UI */,
				AA0875E60B800F2600C1F175 /* LoginItem */,
				AABE492609FF21BE00A6A239 /* PTHotKeysLib */,
				AAECDC8B0A03C9DC007D377A /* UKPrefsPanel */,
				AABE48F109FF203300A6A239 /* ShortcutRecorder */,
			);
			name = Classes;
			sourceTree = "<group>";
		};
		1058C7A0FEA54F0111CA2CBB /* Linked Frameworks */ = {
			isa = PBXGroup;
			children = (
				AA730D0F0DC3D47600F53350 /* Sparkle.framework */,
				AAFAC84A0A1BD9DD00DC6025 /* Carbon.framework */,
				1058C7A1FEA54F0111CA2CBB /* Cocoa.framework */,
			);
			name = "Linked Frameworks";
			sourceTree = "<group>";
		};
		1058C7A2FEA54F0111CA2CBB /* Other Frameworks */ = {
			isa = PBXGroup;
			children = (
				29B97324FDCFA39411CA2CEA /* AppKit.framework */,
				13E42FB307B3F0F600E4EEF1 /* CoreData.framework */,
				29B97325FDCFA39411CA2CEA /* Foundation.framework */,
			);
			name = "Other Frameworks";
			sourceTree = "<group>";
		};
		19C28FACFE9D520D11CA2CBB /* Products */ = {
			isa = PBXGroup;
			children = (
				8D1107320486CEB800E47090 /* Jumpcut.app */,
			);
			name = Products;
			sourceTree = "<group>";
		};
		29B97314FDCFA39411CA2CEA /* Jumpcut */ = {
			isa = PBXGroup;
			children = (
				080E96DDFE201D6D7F000001 /* Classes */,
				29B97315FDCFA39411CA2CEA /* Other Sources */,
				29B97317FDCFA39411CA2CEA /* Resources */,
				29B97323FDCFA39411CA2CEA /* Frameworks */,
				19C28FACFE9D520D11CA2CBB /* Products */,
			);
			name = Jumpcut;
			sourceTree = "<group>";
		};
		29B97315FDCFA39411CA2CEA /* Other Sources */ = {
			isa = PBXGroup;
			children = (
				32CA4F630368D1EE00C91783 /* Jumpcut_Prefix.pch */,
				29B97316FDCFA39411CA2CEA /* main.m */,
			);
			name = "Other Sources";
			sourceTree = "<group>";
		};
		29B97317FDCFA39411CA2CEA /* Resources */ = {
			isa = PBXGroup;
			children = (
				CDCB0D810F6DD4650098FC6A /* RemoveShortcut.tif */,
				CDCB0D820F6DD4650098FC6A /* RemoveShortcutRollover.tif */,
				CDCB0D830F6DD4650098FC6A /* RemoveShortcutPressed.tif */,
				CDE0B9E40F3619C0007B09AF /* Credits.html */,
				AA2640B80A37D2E600591C20 /* jumpcut.icns */,
				AADC65F20A1DFCEF00C0096D /* net.sf.jumpcut.ghost_scissors_small.png */,
				AAE2FEA60A1F6AD3002DCC2A /* net.sf.jumpcut.scissors_bw16.png */,
				AAECDDC60A03DCC4007D377A /* net.sf.jumpcut.preferences.acknowledgements.tiff */,
				AAE200770A228741002DCC2A /* net.sf.jumpcut.preferences.appearance.tiff */,
				AAECDC7E0A03C8FB007D377A /* net.sf.jumpcut.preferences.hotkey.tiff */,
				AAE2FD080A1EC35D002DCC2A /* net.sf.jumpcut.preferences.general.tiff */,
				8D1107310486CEB800E47090 /* Info.plist */,
				CDCC49590F7419F800D2BBB3 /* Localizable.strings */,
				089C165CFE840E0CC02AAC07 /* InfoPlist.strings */,
				29B97318FDCFA39411CA2CEA /* MainMenu.nib */,
			);
			name = Resources;
			sourceTree = "<group>";
		};
		29B97323FDCFA39411CA2CEA /* Frameworks */ = {
			isa = PBXGroup;
			children = (
				1058C7A0FEA54F0111CA2CBB /* Linked Frameworks */,
				1058C7A2FEA54F0111CA2CBB /* Other Frameworks */,
			);
			name = Frameworks;
			sourceTree = "<group>";
		};
		AA0875E60B800F2600C1F175 /* LoginItem */ = {
			isa = PBXGroup;
			children = (
				CDCB0D600F6DD38D0098FC6A /* UKLoginItemRegistry.m */,
				CDCB0D5E0F6DD38D0098FC6A /* UKLoginItemRegistry.h */,
				CDCB0D5F0F6DD38D0098FC6A /* LoginItemsAE.h */,
				CDCB0D610F6DD38D0098FC6A /* LoginItemsAE.c */,
			);
			name = LoginItem;
			sourceTree = "<group>";
		};
		AABE48F109FF203300A6A239 /* ShortcutRecorder */ = {
			isa = PBXGroup;
			children = (
				CDCB0D9B0F6DD4ED0098FC6A /* CTGradient.m */,
				CDCB0D9C0F6DD4ED0098FC6A /* CTGradient.h */,
				CDCB0D870F6DD4E30098FC6A /* SRCommon.h */,
				CDCB0D880F6DD4E30098FC6A /* SRCommon.m */,
				CDCB0D890F6DD4E30098FC6A /* SRValidator.h */,
				CDCB0D8A0F6DD4E30098FC6A /* SRRecorderControl.m */,
				CDCB0D8B0F6DD4E30098FC6A /* SRKeyCodeTransformer.h */,
				CDCB0D8C0F6DD4E30098FC6A /* SRRecorderCell.m */,
				CDCB0D8D0F6DD4E30098FC6A /* SRRecorderCell.h */,
				CDCB0D8E0F6DD4E30098FC6A /* SRRecorderControl.h */,
				CDCB0D8F0F6DD4E30098FC6A /* SRValidator.m */,
				CDCB0D900F6DD4E30098FC6A /* SRKeyCodeTransformer.m */,
			);
			name = ShortcutRecorder;
			sourceTree = "<group>";
		};
		AABE491909FF214900A6A239 /* UI */ = {
			isa = PBXGroup;
			children = (
				CDCB0D570F6DD3410098FC6A /* BezelWindow.h */,
				CDCB0D540F6DD3410098FC6A /* BezelWindow.m */,
				CDCB0DC20F6DEAA80098FC6A /* NSBezierPathAdditions.h */,
				CDCB0DC30F6DEAA80098FC6A /* NSBezierPathAdditions.m */,
				CDCB0D520F6DD3410098FC6A /* RoundRecTextField.h */,
				CDCB0D530F6DD3410098FC6A /* RoundRecBezierPath.m */,
				CDCB0D550F6DD3410098FC6A /* RoundRecBezierPath.h */,
				CDCB0D560F6DD3410098FC6A /* RoundRecTextField.m */,
			);
			name = UI;
			sourceTree = "<group>";
		};
		AABE492609FF21BE00A6A239 /* PTHotKeysLib */ = {
			isa = PBXGroup;
			children = (
				AABE492809FF21BE00A6A239 /* PTHotKey.h */,
				AABE492909FF21BE00A6A239 /* PTHotKey.m */,
				AABE492A09FF21BE00A6A239 /* PTHotKeyCenter.h */,
				AABE492B09FF21BE00A6A239 /* PTHotKeyCenter.m */,
				AABE492C09FF21BE00A6A239 /* PTKeyBroadcaster.h */,
				AABE492D09FF21BE00A6A239 /* PTKeyBroadcaster.m */,
				AABE492E09FF21BE00A6A239 /* PTKeyCodeTranslator.h */,
				AABE492F09FF21BE00A6A239 /* PTKeyCodeTranslator.m */,
				AABE493009FF21BE00A6A239 /* PTKeyCombo.h */,
				AABE493109FF21BE00A6A239 /* PTKeyCombo.m */,
			);
			path = PTHotKeysLib;
			sourceTree = "<group>";
		};
		AABE496009FF227E00A6A239 /* JumpcutEngine */ = {
			isa = PBXGroup;
			children = (
				AABE496309FF227E00A6A239 /* JumpcutClipping.h */,
				AABE496409FF227E00A6A239 /* JumpcutClipping.m */,
				AABE496509FF227E00A6A239 /* JumpcutStore.h */,
				AABE496609FF227E00A6A239 /* JumpcutStore.m */,
			);
			name = JumpcutEngine;
			sourceTree = "<group>";
		};
		AAECDC8B0A03C9DC007D377A /* UKPrefsPanel */ = {
			isa = PBXGroup;
			children = (
				CDCB0D7D0F6DD4150098FC6A /* UKPrefsPanel.h */,
				CDCB0D7E0F6DD4150098FC6A /* UKPrefsPanel.m */,
			);
			name = UKPrefsPanel;
			sourceTree = "<group>";
		};
/* End PBXGroup section */

/* Begin PBXHeadersBuildPhase section */
		AAE2036C0A27B2B9002DCC2A /* Headers */ = {
			isa = PBXHeadersBuildPhase;
			buildActionMask = 2147483647;
			files = (
				CDCB0D580F6DD3410098FC6A /* RoundRecTextField.h in Headers */,
				CDCB0D5B0F6DD3410098FC6A /* RoundRecBezierPath.h in Headers */,
				CDCB0D5D0F6DD3410098FC6A /* BezelWindow.h in Headers */,
				CDCB0D620F6DD38D0098FC6A /* UKLoginItemRegistry.h in Headers */,
				CDCB0D630F6DD38D0098FC6A /* LoginItemsAE.h in Headers */,
				CDCB0D7F0F6DD4150098FC6A /* UKPrefsPanel.h in Headers */,
				CDCB0D910F6DD4E30098FC6A /* SRCommon.h in Headers */,
				CDCB0D930F6DD4E30098FC6A /* SRValidator.h in Headers */,
				CDCB0D950F6DD4E30098FC6A /* SRKeyCodeTransformer.h in Headers */,
				CDCB0D970F6DD4E30098FC6A /* SRRecorderCell.h in Headers */,
				CDCB0D980F6DD4E30098FC6A /* SRRecorderControl.h in Headers */,
				CDCB0D9E0F6DD4ED0098FC6A /* CTGradient.h in Headers */,
				CDCB0DC40F6DEAA80098FC6A /* NSBezierPathAdditions.h in Headers */,
			);
			runOnlyForDeploymentPostprocessing = 0;
		};
/* End PBXHeadersBuildPhase section */

/* Begin PBXNativeTarget section */
		8D1107260486CEB800E47090 /* Jumpcut */ = {
			isa = PBXNativeTarget;
			buildConfigurationList = C01FCF4A08A954540054247B /* Build configuration list for PBXNativeTarget "Jumpcut" */;
			buildPhases = (
				8D1107290486CEB800E47090 /* Resources */,
				8D11072C0486CEB800E47090 /* Sources */,
				AAECDE440A03E75C007D377A /* CopyFiles */,
				8D11072E0486CEB800E47090 /* Frameworks */,
				AAE200D70A23255C002DCC2A /* CopyFiles */,
				AAE2036C0A27B2B9002DCC2A /* Headers */,
				AA22E86C0DBC4CB100351132 /* CopyFiles */,
			);
			buildRules = (
			);
			dependencies = (
			);
			name = Jumpcut;
			productInstallPath = "$(HOME)/Applications";
			productName = Jumpcut;
			productReference = 8D1107320486CEB800E47090 /* Jumpcut.app */;
			productType = "com.apple.product-type.application";
		};
/* End PBXNativeTarget section */

/* Begin PBXProject section */
		29B97313FDCFA39411CA2CEA /* Project object */ = {
			isa = PBXProject;
			buildConfigurationList = C01FCF4E08A954540054247B /* Build configuration list for PBXProject "Jumpcut" */;
			compatibilityVersion = "Xcode 2.4";
			hasScannedForEncodings = 1;
			knownRegions = (
				English,
				Japanese,
				French,
				German,
				fr,
			);
			mainGroup = 29B97314FDCFA39411CA2CEA /* Jumpcut */;
			projectDirPath = "";
			projectRoot = "";
			targets = (
				8D1107260486CEB800E47090 /* Jumpcut */,
			);
		};
/* End PBXProject section */

/* Begin PBXResourcesBuildPhase section */
		8D1107290486CEB800E47090 /* Resources */ = {
			isa = PBXResourcesBuildPhase;
			buildActionMask = 2147483647;
			files = (
				8D11072A0486CEB800E47090 /* MainMenu.nib in Resources */,
				8D11072B0486CEB800E47090 /* InfoPlist.strings in Resources */,
				AAECDC800A03C8FB007D377A /* net.sf.jumpcut.preferences.hotkey.tiff in Resources */,
				AAECDDC70A03DCC5007D377A /* net.sf.jumpcut.preferences.acknowledgements.tiff in Resources */,
				AADC65F30A1DFCF000C0096D /* net.sf.jumpcut.ghost_scissors_small.png in Resources */,
				AAE2FD090A1EC35D002DCC2A /* net.sf.jumpcut.preferences.general.tiff in Resources */,
				AAE2FEA70A1F6AD4002DCC2A /* net.sf.jumpcut.scissors_bw16.png in Resources */,
				AAE200780A228741002DCC2A /* net.sf.jumpcut.preferences.appearance.tiff in Resources */,
				AA2640B90A37D2E600591C20 /* jumpcut.icns in Resources */,
				CDE0B9E50F3619C0007B09AF /* Credits.html in Resources */,
				CDCB0D840F6DD4650098FC6A /* RemoveShortcut.tif in Resources */,
				CDCB0D850F6DD4650098FC6A /* RemoveShortcutRollover.tif in Resources */,
				CDCB0D860F6DD4650098FC6A /* RemoveShortcutPressed.tif in Resources */,
				CDCC495A0F7419F800D2BBB3 /* Localizable.strings in Resources */,
			);
			runOnlyForDeploymentPostprocessing = 0;
		};
/* End PBXResourcesBuildPhase section */

/* Begin PBXSourcesBuildPhase section */
		8D11072C0486CEB800E47090 /* Sources */ = {
			isa = PBXSourcesBuildPhase;
			buildActionMask = 2147483647;
			files = (
				8D11072D0486CEB800E47090 /* main.m in Sources */,
				AABE493309FF21BE00A6A239 /* PTHotKey.m in Sources */,
				AABE493409FF21BE00A6A239 /* PTHotKeyCenter.m in Sources */,
				AABE493509FF21BE00A6A239 /* PTKeyBroadcaster.m in Sources */,
				AABE493609FF21BE00A6A239 /* PTKeyCodeTranslator.m in Sources */,
				AABE493709FF21BE00A6A239 /* PTKeyCombo.m in Sources */,
				AABE496A09FF227E00A6A239 /* JumpcutClipping.m in Sources */,
				AABE496B09FF227E00A6A239 /* JumpcutStore.m in Sources */,
				AABE497C09FF9CD000A6A239 /* AppController.m in Sources */,
				CDCB0D590F6DD3410098FC6A /* RoundRecBezierPath.m in Sources */,
				CDCB0D5A0F6DD3410098FC6A /* BezelWindow.m in Sources */,
				CDCB0D5C0F6DD3410098FC6A /* RoundRecTextField.m in Sources */,
				CDCB0D640F6DD38D0098FC6A /* UKLoginItemRegistry.m in Sources */,
				CDCB0D650F6DD38D0098FC6A /* LoginItemsAE.c in Sources */,
				CDCB0D800F6DD4150098FC6A /* UKPrefsPanel.m in Sources */,
				CDCB0D920F6DD4E30098FC6A /* SRCommon.m in Sources */,
				CDCB0D940F6DD4E30098FC6A /* SRRecorderControl.m in Sources */,
				CDCB0D960F6DD4E30098FC6A /* SRRecorderCell.m in Sources */,
				CDCB0D990F6DD4E30098FC6A /* SRValidator.m in Sources */,
				CDCB0D9A0F6DD4E30098FC6A /* SRKeyCodeTransformer.m in Sources */,
				CDCB0D9D0F6DD4ED0098FC6A /* CTGradient.m in Sources */,
				CDCB0DC50F6DEAA80098FC6A /* NSBezierPathAdditions.m in Sources */,
			);
			runOnlyForDeploymentPostprocessing = 0;
		};
/* End PBXSourcesBuildPhase section */

/* Begin PBXVariantGroup section */
		089C165CFE840E0CC02AAC07 /* InfoPlist.strings */ = {
			isa = PBXVariantGroup;
			children = (
				089C165DFE840E0CC02AAC07 /* English */,
				CDCC495C0F741A2C00D2BBB3 /* fr */,
			);
			name = InfoPlist.strings;
			sourceTree = "<group>";
		};
		29B97318FDCFA39411CA2CEA /* MainMenu.nib */ = {
			isa = PBXVariantGroup;
			children = (
				29B97319FDCFA39411CA2CEA /* English */,
				CDCC495D0F741A3500D2BBB3 /* fr */,
			);
			name = MainMenu.nib;
			sourceTree = "<group>";
		};
		CDCC49590F7419F800D2BBB3 /* Localizable.strings */ = {
			isa = PBXVariantGroup;
			children = (
				CDCC49570F7419ED00D2BBB3 /* English */,
				CDCC495B0F741A0300D2BBB3 /* fr */,
			);
			name = Localizable.strings;
			sourceTree = "<group>";
		};
/* End PBXVariantGroup section */

/* Begin XCBuildConfiguration section */
		C01FCF4B08A954540054247B /* Debug */ = {
			isa = XCBuildConfiguration;
			buildSettings = {
				COPY_PHASE_STRIP = NO;
				FRAMEWORK_SEARCH_PATHS = (
					"$(FRAMEWORK_SEARCH_PATHS)",
					"$(SRCROOT)",
				);
				GCC_DYNAMIC_NO_PIC = NO;
				GCC_ENABLE_FIX_AND_CONTINUE = YES;
				GCC_MODEL_TUNING = G5;
				GCC_OPTIMIZATION_LEVEL = 0;
				INFOPLIST_FILE = Info.plist;
				INSTALL_PATH = "$(HOME)/Applications";
				PRODUCT_NAME = Jumpcut;
				WRAPPER_EXTENSION = app;
				ZERO_LINK = YES;
			};
			name = Debug;
		};
		C01FCF4C08A954540054247B /* Release */ = {
			isa = XCBuildConfiguration;
			buildSettings = {
				ARCHS = (
					ppc,
					i386,
				);
				FRAMEWORK_SEARCH_PATHS = (
					"$(FRAMEWORK_SEARCH_PATHS)",
					"$(SRCROOT)",
				);
				GCC_GENERATE_DEBUGGING_SYMBOLS = NO;
				GCC_MODEL_TUNING = G5;
				INFOPLIST_FILE = Info.plist;
				INSTALL_PATH = "$(HOME)/Applications";
				PRODUCT_NAME = Jumpcut;
				STRIP_INSTALLED_PRODUCT = YES;
				WRAPPER_EXTENSION = app;
			};
			name = Release;
		};
		C01FCF4F08A954540054247B /* Debug */ = {
			isa = XCBuildConfiguration;
			buildSettings = {
				GCC_WARN_ABOUT_RETURN_TYPE = YES;
				GCC_WARN_UNUSED_VARIABLE = YES;
				PREBINDING = NO;
				SDKROOT = /Developer/SDKs/MacOSX10.4u.sdk;
			};
			name = Debug;
		};
		C01FCF5008A954540054247B /* Release */ = {
			isa = XCBuildConfiguration;
			buildSettings = {
				ARCHS = (
					ppc,
					i386,
				);
				GCC_OPTIMIZATION_LEVEL = s;
				GCC_WARN_ABOUT_RETURN_TYPE = YES;
				GCC_WARN_UNUSED_VARIABLE = YES;
				PREBINDING = NO;
				SDKROOT = /Developer/SDKs/MacOSX10.4u.sdk;
			};
			name = Release;
		};
/* End XCBuildConfiguration section */

/* Begin XCConfigurationList section */
		C01FCF4A08A954540054247B /* Build configuration list for PBXNativeTarget "Jumpcut" */ = {
			isa = XCConfigurationList;
			buildConfigurations = (
				C01FCF4B08A954540054247B /* Debug */,
				C01FCF4C08A954540054247B /* Release */,
			);
			defaultConfigurationIsVisible = 0;
			defaultConfigurationName = Release;
		};
		C01FCF4E08A954540054247B /* Build configuration list for PBXProject "Jumpcut" */ = {
			isa = XCConfigurationList;
			buildConfigurations = (
				C01FCF4F08A954540054247B /* Debug */,
				C01FCF5008A954540054247B /* Release */,
			);
			defaultConfigurationIsVisible = 0;
			defaultConfigurationName = Release;
		};
/* End XCConfigurationList section */
	};
	rootObject = 29B97313FDCFA39411CA2CEA /* Project object */;
}
